// !$*UTF8*$!
{
	archiveVersion = 1;
	classes = {
	};
	objectVersion = 56;
	objects = {

/* Begin PBXBuildFile section */
		014FC1E32AC3A48C0001BBAB /* AppDelegate.swift in Sources */ = {isa = PBXBuildFile; fileRef = 014FC1E22AC3A48C0001BBAB /* AppDelegate.swift */; };
		014FC1E52AC3A48D0001BBAB /* SceneDelegate.swift in Sources */ = {isa = PBXBuildFile; fileRef = 014FC1E42AC3A48D0001BBAB /* SceneDelegate.swift */; };
		014FC1E72AC3A48D0001BBAB /* ViewController.swift in Sources */ = {isa = PBXBuildFile; fileRef = 014FC1E62AC3A48D0001BBAB /* ViewController.swift */; };
		014FC1EC2AC3A48E0001BBAB /* Assets.xcassets in Resources */ = {isa = PBXBuildFile; fileRef = 014FC1EB2AC3A48E0001BBAB /* Assets.xcassets */; };
		014FC1EF2AC3A48E0001BBAB /* LaunchScreen.storyboard in Resources */ = {isa = PBXBuildFile; fileRef = 014FC1ED2AC3A48E0001BBAB /* LaunchScreen.storyboard */; };
		014FC2062AC3A9F20001BBAB /* Kingfisher in Frameworks */ = {isa = PBXBuildFile; productRef = 014FC2052AC3A9F20001BBAB /* Kingfisher */; };
		014FC2092AC3AA8F0001BBAB /* Alamofire in Frameworks */ = {isa = PBXBuildFile; productRef = 014FC2082AC3AA8F0001BBAB /* Alamofire */; };
		014FC20D2AC3AC860001BBAB /* TabBarController.swift in Sources */ = {isa = PBXBuildFile; fileRef = 014FC20C2AC3AC860001BBAB /* TabBarController.swift */; };
		01501EF32AC58D3D0068CA83 /* SportsViewController.swift in Sources */ = {isa = PBXBuildFile; fileRef = 01501EF12AC58D3D0068CA83 /* SportsViewController.swift */; };
		01501EF42AC58D3D0068CA83 /* SportsViewController.xib in Resources */ = {isa = PBXBuildFile; fileRef = 01501EF22AC58D3D0068CA83 /* SportsViewController.xib */; };
		01501EF72AC59CF10068CA83 /* SportCollectionViewCell.swift in Sources */ = {isa = PBXBuildFile; fileRef = 01501EF62AC59CF10068CA83 /* SportCollectionViewCell.swift */; };
		01501EF92AC5A6F60068CA83 /* SportsViewModel.swift in Sources */ = {isa = PBXBuildFile; fileRef = 01501EF82AC5A6F60068CA83 /* SportsViewModel.swift */; };
		01501EFB2AC5AE6E0068CA83 /* UIImageView+Extension.swift in Sources */ = {isa = PBXBuildFile; fileRef = 01501EFA2AC5AE6E0068CA83 /* UIImageView+Extension.swift */; };
		017251F42AC4C9B400A486D9 /* EventCollectionViewCell.swift in Sources */ = {isa = PBXBuildFile; fileRef = 017251F22AC4C9B400A486D9 /* EventCollectionViewCell.swift */; };
		017251F52AC4C9B400A486D9 /* EventCollectionViewCell.xib in Resources */ = {isa = PBXBuildFile; fileRef = 017251F32AC4C9B400A486D9 /* EventCollectionViewCell.xib */; };
		01730CC42AC853DC00F29B8C /* LeagueDetailsViewController.swift in Sources */ = {isa = PBXBuildFile; fileRef = 01730CC22AC853DC00F29B8C /* LeagueDetailsViewController.swift */; };
		01730CC52AC853DC00F29B8C /* LeagueDetailsViewController.xib in Resources */ = {isa = PBXBuildFile; fileRef = 01730CC32AC853DC00F29B8C /* LeagueDetailsViewController.xib */; };
		01730CC92AC88F9E00F29B8C /* CVHeaderView.swift in Sources */ = {isa = PBXBuildFile; fileRef = 01730CC82AC88F9E00F29B8C /* CVHeaderView.swift */; };
		017D675E2AC4F74300D19D03 /* EventCellView.swift in Sources */ = {isa = PBXBuildFile; fileRef = 017D675D2AC4F74300D19D03 /* EventCellView.swift */; };
		01CA528F2ACA753800EEC4BF /* ASEndPoint.swift in Sources */ = {isa = PBXBuildFile; fileRef = 01CA528E2ACA753800EEC4BF /* ASEndPoint.swift */; };
		01CA52912ACA759800EEC4BF /* ASEndPointManager.swift in Sources */ = {isa = PBXBuildFile; fileRef = 01CA52902ACA759800EEC4BF /* ASEndPointManager.swift */; };
		01CA52942ACA778700EEC4BF /* Hidden.swift in Sources */ = {isa = PBXBuildFile; fileRef = 01CA52932ACA778700EEC4BF /* Hidden.swift */; };
		01CA52962ACA782100EEC4BF /* Football.swift in Sources */ = {isa = PBXBuildFile; fileRef = 01CA52952ACA782100EEC4BF /* Football.swift */; };
		01CA52982ACA787D00EEC4BF /* ASNetworkProvider.swift in Sources */ = {isa = PBXBuildFile; fileRef = 01CA52972ACA787D00EEC4BF /* ASNetworkProvider.swift */; };
		01CA529A2ACA78BF00EEC4BF /* ASNetworkService.swift in Sources */ = {isa = PBXBuildFile; fileRef = 01CA52992ACA78BF00EEC4BF /* ASNetworkService.swift */; };
		01CA529C2ACA78FC00EEC4BF /* ASDataResponse.swift in Sources */ = {isa = PBXBuildFile; fileRef = 01CA529B2ACA78FC00EEC4BF /* ASDataResponse.swift */; };
		01CA529E2ACA795300EEC4BF /* ASErrorResponse.swift in Sources */ = {isa = PBXBuildFile; fileRef = 01CA529D2ACA795300EEC4BF /* ASErrorResponse.swift */; };
		01CA52A02ACA848F00EEC4BF /* League.swift in Sources */ = {isa = PBXBuildFile; fileRef = 01CA529F2ACA848F00EEC4BF /* League.swift */; };
		01CA52A22ACA860C00EEC4BF /* Event.swift in Sources */ = {isa = PBXBuildFile; fileRef = 01CA52A12ACA860C00EEC4BF /* Event.swift */; };
		01CA52A42ACA8AF600EEC4BF /* Team.swift in Sources */ = {isa = PBXBuildFile; fileRef = 01CA52A32ACA8AF600EEC4BF /* Team.swift */; };
		01CA52A62ACA954D00EEC4BF /* NetworkError.swift in Sources */ = {isa = PBXBuildFile; fileRef = 01CA52A52ACA954D00EEC4BF /* NetworkError.swift */; };
		01EAB1B02AC8C951004179F5 /* LeagueDetailsViewModel.swift in Sources */ = {isa = PBXBuildFile; fileRef = 01EAB1AF2AC8C951004179F5 /* LeagueDetailsViewModel.swift */; };
/* End PBXBuildFile section */

/* Begin PBXFileReference section */
		014FC1DF2AC3A48C0001BBAB /* Sports-Hub.app */ = {isa = PBXFileReference; explicitFileType = wrapper.application; includeInIndex = 0; path = "Sports-Hub.app"; sourceTree = BUILT_PRODUCTS_DIR; };
		014FC1E22AC3A48C0001BBAB /* AppDelegate.swift */ = {isa = PBXFileReference; lastKnownFileType = sourcecode.swift; path = AppDelegate.swift; sourceTree = "<group>"; };
		014FC1E42AC3A48D0001BBAB /* SceneDelegate.swift */ = {isa = PBXFileReference; lastKnownFileType = sourcecode.swift; path = SceneDelegate.swift; sourceTree = "<group>"; };
		014FC1E62AC3A48D0001BBAB /* ViewController.swift */ = {isa = PBXFileReference; lastKnownFileType = sourcecode.swift; path = ViewController.swift; sourceTree = "<group>"; };
		014FC1EB2AC3A48E0001BBAB /* Assets.xcassets */ = {isa = PBXFileReference; lastKnownFileType = folder.assetcatalog; path = Assets.xcassets; sourceTree = "<group>"; };
		014FC1EE2AC3A48E0001BBAB /* Base */ = {isa = PBXFileReference; lastKnownFileType = file.storyboard; name = Base; path = Base.lproj/LaunchScreen.storyboard; sourceTree = "<group>"; };
		014FC1F02AC3A48E0001BBAB /* Info.plist */ = {isa = PBXFileReference; lastKnownFileType = text.plist.xml; path = Info.plist; sourceTree = "<group>"; };
		014FC1F62AC3A5C50001BBAB /* README.md */ = {isa = PBXFileReference; lastKnownFileType = net.daringfireball.markdown; path = README.md; sourceTree = "<group>"; };
		014FC20C2AC3AC860001BBAB /* TabBarController.swift */ = {isa = PBXFileReference; lastKnownFileType = sourcecode.swift; path = TabBarController.swift; sourceTree = "<group>"; };
		01501EF12AC58D3D0068CA83 /* SportsViewController.swift */ = {isa = PBXFileReference; lastKnownFileType = sourcecode.swift; path = SportsViewController.swift; sourceTree = "<group>"; };
		01501EF22AC58D3D0068CA83 /* SportsViewController.xib */ = {isa = PBXFileReference; lastKnownFileType = file.xib; path = SportsViewController.xib; sourceTree = "<group>"; };
		01501EF62AC59CF10068CA83 /* SportCollectionViewCell.swift */ = {isa = PBXFileReference; lastKnownFileType = sourcecode.swift; path = SportCollectionViewCell.swift; sourceTree = "<group>"; };
		01501EF82AC5A6F60068CA83 /* SportsViewModel.swift */ = {isa = PBXFileReference; lastKnownFileType = sourcecode.swift; path = SportsViewModel.swift; sourceTree = "<group>"; };
		01501EFA2AC5AE6E0068CA83 /* UIImageView+Extension.swift */ = {isa = PBXFileReference; lastKnownFileType = sourcecode.swift; path = "UIImageView+Extension.swift"; sourceTree = "<group>"; };
		017251F22AC4C9B400A486D9 /* EventCollectionViewCell.swift */ = {isa = PBXFileReference; lastKnownFileType = sourcecode.swift; path = EventCollectionViewCell.swift; sourceTree = "<group>"; };
		017251F32AC4C9B400A486D9 /* EventCollectionViewCell.xib */ = {isa = PBXFileReference; lastKnownFileType = file.xib; path = EventCollectionViewCell.xib; sourceTree = "<group>"; };
		01730CC22AC853DC00F29B8C /* LeagueDetailsViewController.swift */ = {isa = PBXFileReference; lastKnownFileType = sourcecode.swift; path = LeagueDetailsViewController.swift; sourceTree = "<group>"; };
		01730CC32AC853DC00F29B8C /* LeagueDetailsViewController.xib */ = {isa = PBXFileReference; lastKnownFileType = file.xib; path = LeagueDetailsViewController.xib; sourceTree = "<group>"; };
		01730CC82AC88F9E00F29B8C /* CVHeaderView.swift */ = {isa = PBXFileReference; lastKnownFileType = sourcecode.swift; path = CVHeaderView.swift; sourceTree = "<group>"; };
		017D675D2AC4F74300D19D03 /* EventCellView.swift */ = {isa = PBXFileReference; lastKnownFileType = sourcecode.swift; path = EventCellView.swift; sourceTree = "<group>"; };
		01CA528E2ACA753800EEC4BF /* ASEndPoint.swift */ = {isa = PBXFileReference; lastKnownFileType = sourcecode.swift; path = ASEndPoint.swift; sourceTree = "<group>"; };
		01CA52902ACA759800EEC4BF /* ASEndPointManager.swift */ = {isa = PBXFileReference; lastKnownFileType = sourcecode.swift; path = ASEndPointManager.swift; sourceTree = "<group>"; };
		01CA52932ACA778700EEC4BF /* Hidden.swift */ = {isa = PBXFileReference; lastKnownFileType = sourcecode.swift; path = Hidden.swift; sourceTree = "<group>"; };
		01CA52952ACA782100EEC4BF /* Football.swift */ = {isa = PBXFileReference; lastKnownFileType = sourcecode.swift; path = Football.swift; sourceTree = "<group>"; };
		01CA52972ACA787D00EEC4BF /* ASNetworkProvider.swift */ = {isa = PBXFileReference; lastKnownFileType = sourcecode.swift; path = ASNetworkProvider.swift; sourceTree = "<group>"; };
		01CA52992ACA78BF00EEC4BF /* ASNetworkService.swift */ = {isa = PBXFileReference; lastKnownFileType = sourcecode.swift; path = ASNetworkService.swift; sourceTree = "<group>"; };
		01CA529B2ACA78FC00EEC4BF /* ASDataResponse.swift */ = {isa = PBXFileReference; lastKnownFileType = sourcecode.swift; path = ASDataResponse.swift; sourceTree = "<group>"; };
		01CA529D2ACA795300EEC4BF /* ASErrorResponse.swift */ = {isa = PBXFileReference; lastKnownFileType = sourcecode.swift; path = ASErrorResponse.swift; sourceTree = "<group>"; };
		01CA529F2ACA848F00EEC4BF /* League.swift */ = {isa = PBXFileReference; lastKnownFileType = sourcecode.swift; path = League.swift; sourceTree = "<group>"; };
		01CA52A12ACA860C00EEC4BF /* Event.swift */ = {isa = PBXFileReference; lastKnownFileType = sourcecode.swift; path = Event.swift; sourceTree = "<group>"; };
		01CA52A32ACA8AF600EEC4BF /* Team.swift */ = {isa = PBXFileReference; lastKnownFileType = sourcecode.swift; path = Team.swift; sourceTree = "<group>"; };
		01CA52A52ACA954D00EEC4BF /* NetworkError.swift */ = {isa = PBXFileReference; lastKnownFileType = sourcecode.swift; path = NetworkError.swift; sourceTree = "<group>"; };
		01EAB1AF2AC8C951004179F5 /* LeagueDetailsViewModel.swift */ = {isa = PBXFileReference; lastKnownFileType = sourcecode.swift; path = LeagueDetailsViewModel.swift; sourceTree = "<group>"; };
/* End PBXFileReference section */

/* Begin PBXFrameworksBuildPhase section */
		014FC1DC2AC3A48C0001BBAB /* Frameworks */ = {
			isa = PBXFrameworksBuildPhase;
			buildActionMask = 2147483647;
			files = (
				014FC2062AC3A9F20001BBAB /* Kingfisher in Frameworks */,
				014FC2092AC3AA8F0001BBAB /* Alamofire in Frameworks */,
			);
			runOnlyForDeploymentPostprocessing = 0;
		};
/* End PBXFrameworksBuildPhase section */

/* Begin PBXGroup section */
		014FC1D62AC3A48C0001BBAB = {
			isa = PBXGroup;
			children = (
				014FC1F62AC3A5C50001BBAB /* README.md */,
				014FC1E12AC3A48C0001BBAB /* Sports-Hub */,
				014FC1E02AC3A48C0001BBAB /* Products */,
			);
			sourceTree = "<group>";
		};
		014FC1E02AC3A48C0001BBAB /* Products */ = {
			isa = PBXGroup;
			children = (
				014FC1DF2AC3A48C0001BBAB /* Sports-Hub.app */,
			);
			name = Products;
			sourceTree = "<group>";
		};
		014FC1E12AC3A48C0001BBAB /* Sports-Hub */ = {
			isa = PBXGroup;
			children = (
				01CA52922ACA776F00EEC4BF /* Hidden */,
				014FC1F82AC3A63E0001BBAB /* Config */,
				014FC1F72AC3A6350001BBAB /* Core */,
				014FC1F92AC3A6680001BBAB /* Resources */,
				014FC1FE2AC3A6CC0001BBAB /* Utilities */,
				014FC1FD2AC3A6940001BBAB /* Services */,
				014FC1FA2AC3A6760001BBAB /* Models */,
				014FC1FB2AC3A67B0001BBAB /* Views */,
				014FC1FC2AC3A6810001BBAB /* Scenes */,
			);
			path = "Sports-Hub";
			sourceTree = "<group>";
		};
		014FC1F72AC3A6350001BBAB /* Core */ = {
			isa = PBXGroup;
			children = (
				014FC1E22AC3A48C0001BBAB /* AppDelegate.swift */,
				014FC1E42AC3A48D0001BBAB /* SceneDelegate.swift */,
			);
			path = Core;
			sourceTree = "<group>";
		};
		014FC1F82AC3A63E0001BBAB /* Config */ = {
			isa = PBXGroup;
			children = (
				014FC1F02AC3A48E0001BBAB /* Info.plist */,
			);
			path = Config;
			sourceTree = "<group>";
		};
		014FC1F92AC3A6680001BBAB /* Resources */ = {
			isa = PBXGroup;
			children = (
				014FC1EB2AC3A48E0001BBAB /* Assets.xcassets */,
				014FC1ED2AC3A48E0001BBAB /* LaunchScreen.storyboard */,
			);
			path = Resources;
			sourceTree = "<group>";
		};
		014FC1FA2AC3A6760001BBAB /* Models */ = {
			isa = PBXGroup;
			children = (
				01CA529B2ACA78FC00EEC4BF /* ASDataResponse.swift */,
				01CA529D2ACA795300EEC4BF /* ASErrorResponse.swift */,
				01CA529F2ACA848F00EEC4BF /* League.swift */,
				01CA52A12ACA860C00EEC4BF /* Event.swift */,
				01CA52A32ACA8AF600EEC4BF /* Team.swift */,
			);
			path = Models;
			sourceTree = "<group>";
		};
		014FC1FB2AC3A67B0001BBAB /* Views */ = {
			isa = PBXGroup;
			children = (
				014FC20B2AC3AC280001BBAB /* TabBar */,
				014FC2032AC3A7F60001BBAB /* CollectionViewCells */,
				014FC2022AC3A7E80001BBAB /* TableViewCells */,
			);
			path = Views;
			sourceTree = "<group>";
		};
		014FC1FC2AC3A6810001BBAB /* Scenes */ = {
			isa = PBXGroup;
			children = (
				014FC1E62AC3A48D0001BBAB /* ViewController.swift */,
				01501EEE2AC58D100068CA83 /* Sports */,
				01730CBF2AC853AA00F29B8C /* LeagueDetails */,
			);
			path = Scenes;
			sourceTree = "<group>";
		};
		014FC1FD2AC3A6940001BBAB /* Services */ = {
			isa = PBXGroup;
			children = (
				01C45A432AC9C9090044B38F /* Network */,
			);
			path = Services;
			sourceTree = "<group>";
		};
		014FC1FE2AC3A6CC0001BBAB /* Utilities */ = {
			isa = PBXGroup;
			children = (
				014FC1FF2AC3A6E50001BBAB /* Extensions */,
			);
			path = Utilities;
			sourceTree = "<group>";
		};
		014FC1FF2AC3A6E50001BBAB /* Extensions */ = {
			isa = PBXGroup;
			children = (
				01501EFA2AC5AE6E0068CA83 /* UIImageView+Extension.swift */,
			);
			path = Extensions;
			sourceTree = "<group>";
		};
		014FC2022AC3A7E80001BBAB /* TableViewCells */ = {
			isa = PBXGroup;
			children = (
			);
			path = TableViewCells;
			sourceTree = "<group>";
		};
		014FC2032AC3A7F60001BBAB /* CollectionViewCells */ = {
			isa = PBXGroup;
			children = (
				01501EF52AC59CD50068CA83 /* SportCell */,
				017251F12AC4C99500A486D9 /* EventCell */,
			);
			path = CollectionViewCells;
			sourceTree = "<group>";
		};
		014FC20B2AC3AC280001BBAB /* TabBar */ = {
			isa = PBXGroup;
			children = (
				014FC20C2AC3AC860001BBAB /* TabBarController.swift */,
			);
			path = TabBar;
			sourceTree = "<group>";
		};
		01501EEE2AC58D100068CA83 /* Sports */ = {
			isa = PBXGroup;
			children = (
				01501EEF2AC58D180068CA83 /* View */,
				01501EF02AC58D220068CA83 /* ViewModel */,
			);
			path = Sports;
			sourceTree = "<group>";
		};
		01501EEF2AC58D180068CA83 /* View */ = {
			isa = PBXGroup;
			children = (
				01501EF12AC58D3D0068CA83 /* SportsViewController.swift */,
				01501EF22AC58D3D0068CA83 /* SportsViewController.xib */,
			);
			path = View;
			sourceTree = "<group>";
		};
		01501EF02AC58D220068CA83 /* ViewModel */ = {
			isa = PBXGroup;
			children = (
				01501EF82AC5A6F60068CA83 /* SportsViewModel.swift */,
			);
			path = ViewModel;
			sourceTree = "<group>";
		};
		01501EF52AC59CD50068CA83 /* SportCell */ = {
			isa = PBXGroup;
			children = (
				01501EF62AC59CF10068CA83 /* SportCollectionViewCell.swift */,
			);
			path = SportCell;
			sourceTree = "<group>";
		};
		017251F12AC4C99500A486D9 /* EventCell */ = {
			isa = PBXGroup;
			children = (
				017D675D2AC4F74300D19D03 /* EventCellView.swift */,
				017251F22AC4C9B400A486D9 /* EventCollectionViewCell.swift */,
				017251F32AC4C9B400A486D9 /* EventCollectionViewCell.xib */,
			);
			path = EventCell;
			sourceTree = "<group>";
		};
		01730CBF2AC853AA00F29B8C /* LeagueDetails */ = {
			isa = PBXGroup;
			children = (
				01730CC02AC853BC00F29B8C /* View */,
				01730CC12AC853C300F29B8C /* ViewModel */,
			);
			path = LeagueDetails;
			sourceTree = "<group>";
		};
		01730CC02AC853BC00F29B8C /* View */ = {
			isa = PBXGroup;
			children = (
				01730CC82AC88F9E00F29B8C /* CVHeaderView.swift */,
				01730CC22AC853DC00F29B8C /* LeagueDetailsViewController.swift */,
				01730CC32AC853DC00F29B8C /* LeagueDetailsViewController.xib */,
			);
			path = View;
			sourceTree = "<group>";
		};
		01730CC12AC853C300F29B8C /* ViewModel */ = {
			isa = PBXGroup;
			children = (
				01EAB1AF2AC8C951004179F5 /* LeagueDetailsViewModel.swift */,
			);
			path = ViewModel;
			sourceTree = "<group>";
		};
		01C45A432AC9C9090044B38F /* Network */ = {
			isa = PBXGroup;
			children = (
				01CA528D2ACA74D800EEC4BF /* Endpoint */,
				01CA52A52ACA954D00EEC4BF /* NetworkError.swift */,
				01CA528E2ACA753800EEC4BF /* ASEndPoint.swift */,
				01CA52902ACA759800EEC4BF /* ASEndPointManager.swift */,
				01CA52972ACA787D00EEC4BF /* ASNetworkProvider.swift */,
				01CA52992ACA78BF00EEC4BF /* ASNetworkService.swift */,
			);
			path = Network;
			sourceTree = "<group>";
		};
		01CA528D2ACA74D800EEC4BF /* Endpoint */ = {
			isa = PBXGroup;
			children = (
				01CA52952ACA782100EEC4BF /* Football.swift */,
			);
			path = Endpoint;
			sourceTree = "<group>";
		};
		01CA52922ACA776F00EEC4BF /* Hidden */ = {
			isa = PBXGroup;
			children = (
				01CA52932ACA778700EEC4BF /* Hidden.swift */,
			);
			path = Hidden;
			sourceTree = "<group>";
		};
/* End PBXGroup section */

/* Begin PBXNativeTarget section */
		014FC1DE2AC3A48C0001BBAB /* Sports-Hub */ = {
			isa = PBXNativeTarget;
			buildConfigurationList = 014FC1F32AC3A48E0001BBAB /* Build configuration list for PBXNativeTarget "Sports-Hub" */;
			buildPhases = (
				014FC1DB2AC3A48C0001BBAB /* Sources */,
				014FC1DC2AC3A48C0001BBAB /* Frameworks */,
				014FC1DD2AC3A48C0001BBAB /* Resources */,
			);
			buildRules = (
			);
			dependencies = (
			);
			name = "Sports-Hub";
			packageProductDependencies = (
				014FC2052AC3A9F20001BBAB /* Kingfisher */,
				014FC2082AC3AA8F0001BBAB /* Alamofire */,
			);
			productName = "Sports-Hub";
			productReference = 014FC1DF2AC3A48C0001BBAB /* Sports-Hub.app */;
			productType = "com.apple.product-type.application";
		};
/* End PBXNativeTarget section */

/* Begin PBXProject section */
		014FC1D72AC3A48C0001BBAB /* Project object */ = {
			isa = PBXProject;
			attributes = {
				BuildIndependentTargetsInParallel = 1;
				LastSwiftUpdateCheck = 1430;
				LastUpgradeCheck = 1430;
				TargetAttributes = {
					014FC1DE2AC3A48C0001BBAB = {
						CreatedOnToolsVersion = 14.3;
					};
				};
			};
			buildConfigurationList = 014FC1DA2AC3A48C0001BBAB /* Build configuration list for PBXProject "Sports-Hub" */;
			compatibilityVersion = "Xcode 14.0";
			developmentRegion = en;
			hasScannedForEncodings = 0;
			knownRegions = (
				en,
				Base,
			);
			mainGroup = 014FC1D62AC3A48C0001BBAB;
			packageReferences = (
				014FC2042AC3A9F20001BBAB /* XCRemoteSwiftPackageReference "Kingfisher" */,
				014FC2072AC3AA8F0001BBAB /* XCRemoteSwiftPackageReference "Alamofire" */,
			);
			productRefGroup = 014FC1E02AC3A48C0001BBAB /* Products */;
			projectDirPath = "";
			projectRoot = "";
			targets = (
				014FC1DE2AC3A48C0001BBAB /* Sports-Hub */,
			);
		};
/* End PBXProject section */

/* Begin PBXResourcesBuildPhase section */
		014FC1DD2AC3A48C0001BBAB /* Resources */ = {
			isa = PBXResourcesBuildPhase;
			buildActionMask = 2147483647;
			files = (
				014FC1EF2AC3A48E0001BBAB /* LaunchScreen.storyboard in Resources */,
				014FC1EC2AC3A48E0001BBAB /* Assets.xcassets in Resources */,
				017251F52AC4C9B400A486D9 /* EventCollectionViewCell.xib in Resources */,
				01730CC52AC853DC00F29B8C /* LeagueDetailsViewController.xib in Resources */,
				01501EF42AC58D3D0068CA83 /* SportsViewController.xib in Resources */,
			);
			runOnlyForDeploymentPostprocessing = 0;
		};
/* End PBXResourcesBuildPhase section */

/* Begin PBXSourcesBuildPhase section */
		014FC1DB2AC3A48C0001BBAB /* Sources */ = {
			isa = PBXSourcesBuildPhase;
			buildActionMask = 2147483647;
			files = (
				01CA52962ACA782100EEC4BF /* Football.swift in Sources */,
				01501EFB2AC5AE6E0068CA83 /* UIImageView+Extension.swift in Sources */,
				014FC20D2AC3AC860001BBAB /* TabBarController.swift in Sources */,
				01CA52912ACA759800EEC4BF /* ASEndPointManager.swift in Sources */,
				01501EF92AC5A6F60068CA83 /* SportsViewModel.swift in Sources */,
				017D675E2AC4F74300D19D03 /* EventCellView.swift in Sources */,
				017251F42AC4C9B400A486D9 /* EventCollectionViewCell.swift in Sources */,
				014FC1E72AC3A48D0001BBAB /* ViewController.swift in Sources */,
				01CA52A22ACA860C00EEC4BF /* Event.swift in Sources */,
				01CA52982ACA787D00EEC4BF /* ASNetworkProvider.swift in Sources */,
				01CA528F2ACA753800EEC4BF /* ASEndPoint.swift in Sources */,
				01CA529A2ACA78BF00EEC4BF /* ASNetworkService.swift in Sources */,
				01CA52A42ACA8AF600EEC4BF /* Team.swift in Sources */,
				014FC1E32AC3A48C0001BBAB /* AppDelegate.swift in Sources */,
				01CA529E2ACA795300EEC4BF /* ASErrorResponse.swift in Sources */,
				01730CC42AC853DC00F29B8C /* LeagueDetailsViewController.swift in Sources */,
				01730CC92AC88F9E00F29B8C /* CVHeaderView.swift in Sources */,
				01CA52942ACA778700EEC4BF /* Hidden.swift in Sources */,
				01501EF32AC58D3D0068CA83 /* SportsViewController.swift in Sources */,
				01CA52A62ACA954D00EEC4BF /* NetworkError.swift in Sources */,
				01EAB1B02AC8C951004179F5 /* LeagueDetailsViewModel.swift in Sources */,
				014FC1E52AC3A48D0001BBAB /* SceneDelegate.swift in Sources */,
				01501EF72AC59CF10068CA83 /* SportCollectionViewCell.swift in Sources */,
				01CA52A02ACA848F00EEC4BF /* League.swift in Sources */,
				01CA529C2ACA78FC00EEC4BF /* ASDataResponse.swift in Sources */,
			);
			runOnlyForDeploymentPostprocessing = 0;
		};
/* End PBXSourcesBuildPhase section */

/* Begin PBXVariantGroup section */
		014FC1ED2AC3A48E0001BBAB /* LaunchScreen.storyboard */ = {
			isa = PBXVariantGroup;
			children = (
				014FC1EE2AC3A48E0001BBAB /* Base */,
			);
			name = LaunchScreen.storyboard;
			sourceTree = "<group>";
		};
/* End PBXVariantGroup section */

/* Begin XCBuildConfiguration section */
		014FC1F12AC3A48E0001BBAB /* Debug */ = {
			isa = XCBuildConfiguration;
			buildSettings = {
				ALWAYS_SEARCH_USER_PATHS = NO;
				CLANG_ANALYZER_NONNULL = YES;
				CLANG_ANALYZER_NUMBER_OBJECT_CONVERSION = YES_AGGRESSIVE;
				CLANG_CXX_LANGUAGE_STANDARD = "gnu++20";
				CLANG_ENABLE_MODULES = YES;
				CLANG_ENABLE_OBJC_ARC = YES;
				CLANG_ENABLE_OBJC_WEAK = YES;
				CLANG_WARN_BLOCK_CAPTURE_AUTORELEASING = YES;
				CLANG_WARN_BOOL_CONVERSION = YES;
				CLANG_WARN_COMMA = YES;
				CLANG_WARN_CONSTANT_CONVERSION = YES;
				CLANG_WARN_DEPRECATED_OBJC_IMPLEMENTATIONS = YES;
				CLANG_WARN_DIRECT_OBJC_ISA_USAGE = YES_ERROR;
				CLANG_WARN_DOCUMENTATION_COMMENTS = YES;
				CLANG_WARN_EMPTY_BODY = YES;
				CLANG_WARN_ENUM_CONVERSION = YES;
				CLANG_WARN_INFINITE_RECURSION = YES;
				CLANG_WARN_INT_CONVERSION = YES;
				CLANG_WARN_NON_LITERAL_NULL_CONVERSION = YES;
				CLANG_WARN_OBJC_IMPLICIT_RETAIN_SELF = YES;
				CLANG_WARN_OBJC_LITERAL_CONVERSION = YES;
				CLANG_WARN_OBJC_ROOT_CLASS = YES_ERROR;
				CLANG_WARN_QUOTED_INCLUDE_IN_FRAMEWORK_HEADER = YES;
				CLANG_WARN_RANGE_LOOP_ANALYSIS = YES;
				CLANG_WARN_STRICT_PROTOTYPES = YES;
				CLANG_WARN_SUSPICIOUS_MOVE = YES;
				CLANG_WARN_UNGUARDED_AVAILABILITY = YES_AGGRESSIVE;
				CLANG_WARN_UNREACHABLE_CODE = YES;
				CLANG_WARN__DUPLICATE_METHOD_MATCH = YES;
				COPY_PHASE_STRIP = NO;
				DEBUG_INFORMATION_FORMAT = dwarf;
				ENABLE_STRICT_OBJC_MSGSEND = YES;
				ENABLE_TESTABILITY = YES;
				GCC_C_LANGUAGE_STANDARD = gnu11;
				GCC_DYNAMIC_NO_PIC = NO;
				GCC_NO_COMMON_BLOCKS = YES;
				GCC_OPTIMIZATION_LEVEL = 0;
				GCC_PREPROCESSOR_DEFINITIONS = (
					"DEBUG=1",
					"$(inherited)",
				);
				GCC_WARN_64_TO_32_BIT_CONVERSION = YES;
				GCC_WARN_ABOUT_RETURN_TYPE = YES_ERROR;
				GCC_WARN_UNDECLARED_SELECTOR = YES;
				GCC_WARN_UNINITIALIZED_AUTOS = YES_AGGRESSIVE;
				GCC_WARN_UNUSED_FUNCTION = YES;
				GCC_WARN_UNUSED_VARIABLE = YES;
				IPHONEOS_DEPLOYMENT_TARGET = 15.0;
				MTL_ENABLE_DEBUG_INFO = INCLUDE_SOURCE;
				MTL_FAST_MATH = YES;
				ONLY_ACTIVE_ARCH = YES;
				SDKROOT = iphoneos;
				SWIFT_ACTIVE_COMPILATION_CONDITIONS = DEBUG;
				SWIFT_OPTIMIZATION_LEVEL = "-Onone";
			};
			name = Debug;
		};
		014FC1F22AC3A48E0001BBAB /* Release */ = {
			isa = XCBuildConfiguration;
			buildSettings = {
				ALWAYS_SEARCH_USER_PATHS = NO;
				CLANG_ANALYZER_NONNULL = YES;
				CLANG_ANALYZER_NUMBER_OBJECT_CONVERSION = YES_AGGRESSIVE;
				CLANG_CXX_LANGUAGE_STANDARD = "gnu++20";
				CLANG_ENABLE_MODULES = YES;
				CLANG_ENABLE_OBJC_ARC = YES;
				CLANG_ENABLE_OBJC_WEAK = YES;
				CLANG_WARN_BLOCK_CAPTURE_AUTORELEASING = YES;
				CLANG_WARN_BOOL_CONVERSION = YES;
				CLANG_WARN_COMMA = YES;
				CLANG_WARN_CONSTANT_CONVERSION = YES;
				CLANG_WARN_DEPRECATED_OBJC_IMPLEMENTATIONS = YES;
				CLANG_WARN_DIRECT_OBJC_ISA_USAGE = YES_ERROR;
				CLANG_WARN_DOCUMENTATION_COMMENTS = YES;
				CLANG_WARN_EMPTY_BODY = YES;
				CLANG_WARN_ENUM_CONVERSION = YES;
				CLANG_WARN_INFINITE_RECURSION = YES;
				CLANG_WARN_INT_CONVERSION = YES;
				CLANG_WARN_NON_LITERAL_NULL_CONVERSION = YES;
				CLANG_WARN_OBJC_IMPLICIT_RETAIN_SELF = YES;
				CLANG_WARN_OBJC_LITERAL_CONVERSION = YES;
				CLANG_WARN_OBJC_ROOT_CLASS = YES_ERROR;
				CLANG_WARN_QUOTED_INCLUDE_IN_FRAMEWORK_HEADER = YES;
				CLANG_WARN_RANGE_LOOP_ANALYSIS = YES;
				CLANG_WARN_STRICT_PROTOTYPES = YES;
				CLANG_WARN_SUSPICIOUS_MOVE = YES;
				CLANG_WARN_UNGUARDED_AVAILABILITY = YES_AGGRESSIVE;
				CLANG_WARN_UNREACHABLE_CODE = YES;
				CLANG_WARN__DUPLICATE_METHOD_MATCH = YES;
				COPY_PHASE_STRIP = NO;
				DEBUG_INFORMATION_FORMAT = "dwarf-with-dsym";
				ENABLE_NS_ASSERTIONS = NO;
				ENABLE_STRICT_OBJC_MSGSEND = YES;
				GCC_C_LANGUAGE_STANDARD = gnu11;
				GCC_NO_COMMON_BLOCKS = YES;
				GCC_WARN_64_TO_32_BIT_CONVERSION = YES;
				GCC_WARN_ABOUT_RETURN_TYPE = YES_ERROR;
				GCC_WARN_UNDECLARED_SELECTOR = YES;
				GCC_WARN_UNINITIALIZED_AUTOS = YES_AGGRESSIVE;
				GCC_WARN_UNUSED_FUNCTION = YES;
				GCC_WARN_UNUSED_VARIABLE = YES;
				IPHONEOS_DEPLOYMENT_TARGET = 15.0;
				MTL_ENABLE_DEBUG_INFO = NO;
				MTL_FAST_MATH = YES;
				SDKROOT = iphoneos;
				SWIFT_COMPILATION_MODE = wholemodule;
				SWIFT_OPTIMIZATION_LEVEL = "-O";
				VALIDATE_PRODUCT = YES;
			};
			name = Release;
		};
		014FC1F42AC3A48E0001BBAB /* Debug */ = {
			isa = XCBuildConfiguration;
			buildSettings = {
				ASSETCATALOG_COMPILER_APPICON_NAME = AppIcon;
				ASSETCATALOG_COMPILER_GLOBAL_ACCENT_COLOR_NAME = AccentColor;
				CODE_SIGN_STYLE = Automatic;
				CURRENT_PROJECT_VERSION = 1;
				DEVELOPMENT_TEAM = R7KL845XH9;
				GENERATE_INFOPLIST_FILE = YES;
				INFOPLIST_FILE = "Sports-Hub/Config/Info.plist";
				INFOPLIST_KEY_UIApplicationSupportsIndirectInputEvents = YES;
				INFOPLIST_KEY_UILaunchStoryboardName = LaunchScreen;
				INFOPLIST_KEY_UISupportedInterfaceOrientations = UIInterfaceOrientationPortrait;
				IPHONEOS_DEPLOYMENT_TARGET = 15.0;
				LD_RUNPATH_SEARCH_PATHS = (
					"$(inherited)",
					"@executable_path/Frameworks",
				);
				MARKETING_VERSION = 1.0;
				PRODUCT_BUNDLE_IDENTIFIER = "mohamed.khater.Sports-Hub";
				PRODUCT_NAME = "$(TARGET_NAME)";
				SUPPORTED_PLATFORMS = "iphoneos iphonesimulator";
				SUPPORTS_MACCATALYST = NO;
				SUPPORTS_MAC_DESIGNED_FOR_IPHONE_IPAD = NO;
				SWIFT_EMIT_LOC_STRINGS = YES;
				SWIFT_VERSION = 5.0;
				TARGETED_DEVICE_FAMILY = "1,2";
			};
			name = Debug;
		};
		014FC1F52AC3A48E0001BBAB /* Release */ = {
			isa = XCBuildConfiguration;
			buildSettings = {
				ASSETCATALOG_COMPILER_APPICON_NAME = AppIcon;
				ASSETCATALOG_COMPILER_GLOBAL_ACCENT_COLOR_NAME = AccentColor;
				CODE_SIGN_STYLE = Automatic;
				CURRENT_PROJECT_VERSION = 1;
				DEVELOPMENT_TEAM = R7KL845XH9;
				GENERATE_INFOPLIST_FILE = YES;
				INFOPLIST_FILE = "Sports-Hub/Config/Info.plist";
				INFOPLIST_KEY_UIApplicationSupportsIndirectInputEvents = YES;
				INFOPLIST_KEY_UILaunchStoryboardName = LaunchScreen;
				INFOPLIST_KEY_UISupportedInterfaceOrientations = UIInterfaceOrientationPortrait;
				IPHONEOS_DEPLOYMENT_TARGET = 15.0;
				LD_RUNPATH_SEARCH_PATHS = (
					"$(inherited)",
					"@executable_path/Frameworks",
				);
				MARKETING_VERSION = 1.0;
				PRODUCT_BUNDLE_IDENTIFIER = "mohamed.khater.Sports-Hub";
				PRODUCT_NAME = "$(TARGET_NAME)";
				SUPPORTED_PLATFORMS = "iphoneos iphonesimulator";
				SUPPORTS_MACCATALYST = NO;
				SUPPORTS_MAC_DESIGNED_FOR_IPHONE_IPAD = NO;
				SWIFT_EMIT_LOC_STRINGS = YES;
				SWIFT_VERSION = 5.0;
				TARGETED_DEVICE_FAMILY = "1,2";
			};
			name = Release;
		};
/* End XCBuildConfiguration section */

/* Begin XCConfigurationList section */
		014FC1DA2AC3A48C0001BBAB /* Build configuration list for PBXProject "Sports-Hub" */ = {
			isa = XCConfigurationList;
			buildConfigurations = (
				014FC1F12AC3A48E0001BBAB /* Debug */,
				014FC1F22AC3A48E0001BBAB /* Release */,
			);
			defaultConfigurationIsVisible = 0;
			defaultConfigurationName = Release;
		};
		014FC1F32AC3A48E0001BBAB /* Build configuration list for PBXNativeTarget "Sports-Hub" */ = {
			isa = XCConfigurationList;
			buildConfigurations = (
				014FC1F42AC3A48E0001BBAB /* Debug */,
				014FC1F52AC3A48E0001BBAB /* Release */,
			);
			defaultConfigurationIsVisible = 0;
			defaultConfigurationName = Release;
		};
/* End XCConfigurationList section */

/* Begin XCRemoteSwiftPackageReference section */
		014FC2042AC3A9F20001BBAB /* XCRemoteSwiftPackageReference "Kingfisher" */ = {
			isa = XCRemoteSwiftPackageReference;
			repositoryURL = "https://github.com/onevcat/Kingfisher.git";
			requirement = {
				kind = upToNextMajorVersion;
				minimumVersion = 7.0.0;
			};
		};
		014FC2072AC3AA8F0001BBAB /* XCRemoteSwiftPackageReference "Alamofire" */ = {
			isa = XCRemoteSwiftPackageReference;
			repositoryURL = "https://github.com/Alamofire/Alamofire.git";
			requirement = {
				kind = upToNextMajorVersion;
				minimumVersion = 5.0.0;
			};
		};
/* End XCRemoteSwiftPackageReference section */

/* Begin XCSwiftPackageProductDependency section */
		014FC2052AC3A9F20001BBAB /* Kingfisher */ = {
			isa = XCSwiftPackageProductDependency;
			package = 014FC2042AC3A9F20001BBAB /* XCRemoteSwiftPackageReference "Kingfisher" */;
			productName = Kingfisher;
		};
		014FC2082AC3AA8F0001BBAB /* Alamofire */ = {
			isa = XCSwiftPackageProductDependency;
			package = 014FC2072AC3AA8F0001BBAB /* XCRemoteSwiftPackageReference "Alamofire" */;
			productName = Alamofire;
		};
/* End XCSwiftPackageProductDependency section */
	};
	rootObject = 014FC1D72AC3A48C0001BBAB /* Project object */;
}
